// !$*UTF8*$!
{
	archiveVersion = 1;
	classes = {
	};
	objectVersion = 50;
	objects = {

/* Begin PBXBuildFile section */
		04465AD826A95D3B00D06B0E /* AppDelegate.swift in Sources */ = {isa = PBXBuildFile; fileRef = 04465AD726A95D3B00D06B0E /* AppDelegate.swift */; };
		04465ADA26A95D3B00D06B0E /* SceneDelegate.swift in Sources */ = {isa = PBXBuildFile; fileRef = 04465AD926A95D3B00D06B0E /* SceneDelegate.swift */; };
		04465ADC26A95D3B00D06B0E /* MainViewController.swift in Sources */ = {isa = PBXBuildFile; fileRef = 04465ADB26A95D3B00D06B0E /* MainViewController.swift */; };
		04465ADF26A95D3B00D06B0E /* Main.storyboard in Resources */ = {isa = PBXBuildFile; fileRef = 04465ADD26A95D3B00D06B0E /* Main.storyboard */; };
		04465AE126A95D3D00D06B0E /* Assets.xcassets in Resources */ = {isa = PBXBuildFile; fileRef = 04465AE026A95D3D00D06B0E /* Assets.xcassets */; };
		04465AE426A95D3D00D06B0E /* LaunchScreen.storyboard in Resources */ = {isa = PBXBuildFile; fileRef = 04465AE226A95D3D00D06B0E /* LaunchScreen.storyboard */; };
		04465AF026AAFC2000D06B0E /* PuzzleButton.swift in Sources */ = {isa = PBXBuildFile; fileRef = 04465AEF26AAFC1F00D06B0E /* PuzzleButton.swift */; };
		04B7423D26AD5F6500AF37BF /* GameOverViewController.swift in Sources */ = {isa = PBXBuildFile; fileRef = 04B7423C26AD5F6500AF37BF /* GameOverViewController.swift */; };
/* End PBXBuildFile section */

/* Begin PBXFileReference section */
		04465AD426A95D3B00D06B0E /* Game of Fifteen.app */ = {isa = PBXFileReference; explicitFileType = wrapper.application; includeInIndex = 0; path = "Game of Fifteen.app"; sourceTree = BUILT_PRODUCTS_DIR; };
		04465AD726A95D3B00D06B0E /* AppDelegate.swift */ = {isa = PBXFileReference; lastKnownFileType = sourcecode.swift; path = AppDelegate.swift; sourceTree = "<group>"; };
		04465AD926A95D3B00D06B0E /* SceneDelegate.swift */ = {isa = PBXFileReference; lastKnownFileType = sourcecode.swift; path = SceneDelegate.swift; sourceTree = "<group>"; };
		04465ADB26A95D3B00D06B0E /* MainViewController.swift */ = {isa = PBXFileReference; lastKnownFileType = sourcecode.swift; path = MainViewController.swift; sourceTree = "<group>"; };
		04465ADE26A95D3B00D06B0E /* Base */ = {isa = PBXFileReference; lastKnownFileType = file.storyboard; name = Base; path = Base.lproj/Main.storyboard; sourceTree = "<group>"; };
		04465AE026A95D3D00D06B0E /* Assets.xcassets */ = {isa = PBXFileReference; lastKnownFileType = folder.assetcatalog; path = Assets.xcassets; sourceTree = "<group>"; };
		04465AE326A95D3D00D06B0E /* Base */ = {isa = PBXFileReference; lastKnownFileType = file.storyboard; name = Base; path = Base.lproj/LaunchScreen.storyboard; sourceTree = "<group>"; };
		04465AE526A95D3D00D06B0E /* Info.plist */ = {isa = PBXFileReference; lastKnownFileType = text.plist.xml; path = Info.plist; sourceTree = "<group>"; };
		04465AEF26AAFC1F00D06B0E /* PuzzleButton.swift */ = {isa = PBXFileReference; lastKnownFileType = sourcecode.swift; path = PuzzleButton.swift; sourceTree = "<group>"; };
		04B7423C26AD5F6500AF37BF /* GameOverViewController.swift */ = {isa = PBXFileReference; lastKnownFileType = sourcecode.swift; path = GameOverViewController.swift; sourceTree = "<group>"; };
/* End PBXFileReference section */

/* Begin PBXFrameworksBuildPhase section */
		04465AD126A95D3B00D06B0E /* Frameworks */ = {
			isa = PBXFrameworksBuildPhase;
			buildActionMask = 2147483647;
			files = (
			);
			runOnlyForDeploymentPostprocessing = 0;
		};
/* End PBXFrameworksBuildPhase section */

/* Begin PBXGroup section */
		04465ACB26A95D3B00D06B0E = {
			isa = PBXGroup;
			children = (
				04465AD626A95D3B00D06B0E /* Game of Fifteen */,
				04465AD526A95D3B00D06B0E /* Products */,
			);
			sourceTree = "<group>";
		};
		04465AD526A95D3B00D06B0E /* Products */ = {
			isa = PBXGroup;
			children = (
				04465AD426A95D3B00D06B0E /* Game of Fifteen.app */,
			);
			name = Products;
			sourceTree = "<group>";
		};
		04465AD626A95D3B00D06B0E /* Game of Fifteen */ = {
			isa = PBXGroup;
			children = (
				04465AD726A95D3B00D06B0E /* AppDelegate.swift */,
				04465AD926A95D3B00D06B0E /* SceneDelegate.swift */,
				04465ADB26A95D3B00D06B0E /* MainViewController.swift */,
				04465ADD26A95D3B00D06B0E /* Main.storyboard */,
				04465AE026A95D3D00D06B0E /* Assets.xcassets */,
				04465AE226A95D3D00D06B0E /* LaunchScreen.storyboard */,
				04465AE526A95D3D00D06B0E /* Info.plist */,
				04465AEF26AAFC1F00D06B0E /* PuzzleButton.swift */,
				04B7423C26AD5F6500AF37BF /* GameOverViewController.swift */,
			);
			path = "Game of Fifteen";
			sourceTree = "<group>";
		};
/* End PBXGroup section */

/* Begin PBXNativeTarget section */
		04465AD326A95D3B00D06B0E /* Game of Fifteen */ = {
			isa = PBXNativeTarget;
			buildConfigurationList = 04465AE826A95D3D00D06B0E /* Build configuration list for PBXNativeTarget "Game of Fifteen" */;
			buildPhases = (
				04465AD026A95D3B00D06B0E /* Sources */,
				04465AD126A95D3B00D06B0E /* Frameworks */,
				04465AD226A95D3B00D06B0E /* Resources */,
			);
			buildRules = (
			);
			dependencies = (
			);
			name = "Game of Fifteen";
			productName = "Game of Fifteen";
			productReference = 04465AD426A95D3B00D06B0E /* Game of Fifteen.app */;
			productType = "com.apple.product-type.application";
		};
/* End PBXNativeTarget section */

/* Begin PBXProject section */
		04465ACC26A95D3B00D06B0E /* Project object */ = {
			isa = PBXProject;
			attributes = {
				KnownAssetTags = (
					New,
				);
				LastSwiftUpdateCheck = 1240;
				LastUpgradeCheck = 1240;
				TargetAttributes = {
					04465AD326A95D3B00D06B0E = {
						CreatedOnToolsVersion = 12.4;
					};
				};
			};
			buildConfigurationList = 04465ACF26A95D3B00D06B0E /* Build configuration list for PBXProject "Game of Fifteen" */;
			compatibilityVersion = "Xcode 9.3";
			developmentRegion = en;
			hasScannedForEncodings = 0;
			knownRegions = (
				en,
				Base,
			);
			mainGroup = 04465ACB26A95D3B00D06B0E;
			productRefGroup = 04465AD526A95D3B00D06B0E /* Products */;
			projectDirPath = "";
			projectRoot = "";
			targets = (
				04465AD326A95D3B00D06B0E /* Game of Fifteen */,
			);
		};
/* End PBXProject section */

/* Begin PBXResourcesBuildPhase section */
		04465AD226A95D3B00D06B0E /* Resources */ = {
			isa = PBXResourcesBuildPhase;
			buildActionMask = 2147483647;
			files = (
				04465AE426A95D3D00D06B0E /* LaunchScreen.storyboard in Resources */,
				04465AE126A95D3D00D06B0E /* Assets.xcassets in Resources */,
				04465ADF26A95D3B00D06B0E /* Main.storyboard in Resources */,
			);
			runOnlyForDeploymentPostprocessing = 0;
		};
/* End PBXResourcesBuildPhase section */

/* Begin PBXSourcesBuildPhase section */
		04465AD026A95D3B00D06B0E /* Sources */ = {
			isa = PBXSourcesBuildPhase;
			buildActionMask = 2147483647;
			files = (
				04465ADC26A95D3B00D06B0E /* MainViewController.swift in Sources */,
				04B7423D26AD5F6500AF37BF /* GameOverViewController.swift in Sources */,
				04465AD826A95D3B00D06B0E /* AppDelegate.swift in Sources */,
				04465AF026AAFC2000D06B0E /* PuzzleButton.swift in Sources */,
				04465ADA26A95D3B00D06B0E /* SceneDelegate.swift in Sources */,
			);
			runOnlyForDeploymentPostprocessing = 0;
		};
/* End PBXSourcesBuildPhase section */

/* Begin PBXVariantGroup section */
		04465ADD26A95D3B00D06B0E /* Main.storyboard */ = {
			isa = PBXVariantGroup;
			children = (
				04465ADE26A95D3B00D06B0E /* Base */,
			);
			name = Main.storyboard;
			sourceTree = "<group>";
		};
		04465AE226A95D3D00D06B0E /* LaunchScreen.storyboard */ = {
			isa = PBXVariantGroup;
			children = (
				04465AE326A95D3D00D06B0E /* Base */,
			);
			name = LaunchScreen.storyboard;
			sourceTree = "<group>";
		};
/* End PBXVariantGroup section */

/* Begin XCBuildConfiguration section */
		04465AE626A95D3D00D06B0E /* Debug */ = {
			isa = XCBuildConfiguration;
			buildSettings = {
				ALWAYS_SEARCH_USER_PATHS = NO;
				CLANG_ANALYZER_NONNULL = YES;
				CLANG_ANALYZER_NUMBER_OBJECT_CONVERSION = YES_AGGRESSIVE;
				CLANG_CXX_LANGUAGE_STANDARD = "gnu++14";
				CLANG_CXX_LIBRARY = "libc++";
				CLANG_ENABLE_MODULES = YES;
				CLANG_ENABLE_OBJC_ARC = YES;
				CLANG_ENABLE_OBJC_WEAK = YES;
				CLANG_WARN_BLOCK_CAPTURE_AUTORELEASING = YES;
				CLANG_WARN_BOOL_CONVERSION = YES;
				CLANG_WARN_COMMA = YES;
				CLANG_WARN_CONSTANT_CONVERSION = YES;
				CLANG_WARN_DEPRECATED_OBJC_IMPLEMENTATIONS = YES;
				CLANG_WARN_DIRECT_OBJC_ISA_USAGE = YES_ERROR;
				CLANG_WARN_DOCUMENTATION_COMMENTS = YES;
				CLANG_WARN_EMPTY_BODY = YES;
				CLANG_WARN_ENUM_CONVERSION = YES;
				CLANG_WARN_INFINITE_RECURSION = YES;
				CLANG_WARN_INT_CONVERSION = YES;
				CLANG_WARN_NON_LITERAL_NULL_CONVERSION = YES;
				CLANG_WARN_OBJC_IMPLICIT_RETAIN_SELF = YES;
				CLANG_WARN_OBJC_LITERAL_CONVERSION = YES;
				CLANG_WARN_OBJC_ROOT_CLASS = YES_ERROR;
				CLANG_WARN_QUOTED_INCLUDE_IN_FRAMEWORK_HEADER = YES;
				CLANG_WARN_RANGE_LOOP_ANALYSIS = YES;
				CLANG_WARN_STRICT_PROTOTYPES = YES;
				CLANG_WARN_SUSPICIOUS_MOVE = YES;
				CLANG_WARN_UNGUARDED_AVAILABILITY = YES_AGGRESSIVE;
				CLANG_WARN_UNREACHABLE_CODE = YES;
				CLANG_WARN__DUPLICATE_METHOD_MATCH = YES;
				COPY_PHASE_STRIP = NO;
				DEBUG_INFORMATION_FORMAT = dwarf;
				ENABLE_STRICT_OBJC_MSGSEND = YES;
				ENABLE_TESTABILITY = YES;
				GCC_C_LANGUAGE_STANDARD = gnu11;
				GCC_DYNAMIC_NO_PIC = NO;
				GCC_NO_COMMON_BLOCKS = YES;
				GCC_OPTIMIZATION_LEVEL = 0;
				GCC_PREPROCESSOR_DEFINITIONS = (
					"DEBUG=1",
					"$(inherited)",
				);
				GCC_WARN_64_TO_32_BIT_CONVERSION = YES;
				GCC_WARN_ABOUT_RETURN_TYPE = YES_ERROR;
				GCC_WARN_UNDECLARED_SELECTOR = YES;
				GCC_WARN_UNINITIALIZED_AUTOS = YES_AGGRESSIVE;
				GCC_WARN_UNUSED_FUNCTION = YES;
				GCC_WARN_UNUSED_VARIABLE = YES;
				IPHONEOS_DEPLOYMENT_TARGET = 14.4;
				MTL_ENABLE_DEBUG_INFO = INCLUDE_SOURCE;
				MTL_FAST_MATH = YES;
				ONLY_ACTIVE_ARCH = YES;
				SDKROOT = iphoneos;
				SWIFT_ACTIVE_COMPILATION_CONDITIONS = DEBUG;
				SWIFT_OPTIMIZATION_LEVEL = "-Onone";
			};
			name = Debug;
		};
		04465AE726A95D3D00D06B0E /* Release */ = {
			isa = XCBuildConfiguration;
			buildSettings = {
				ALWAYS_SEARCH_USER_PATHS = NO;
				CLANG_ANALYZER_NONNULL = YES;
				CLANG_ANALYZER_NUMBER_OBJECT_CONVERSION = YES_AGGRESSIVE;
				CLANG_CXX_LANGUAGE_STANDARD = "gnu++14";
				CLANG_CXX_LIBRARY = "libc++";
				CLANG_ENABLE_MODULES = YES;
				CLANG_ENABLE_OBJC_ARC = YES;
				CLANG_ENABLE_OBJC_WEAK = YES;
				CLANG_WARN_BLOCK_CAPTURE_AUTORELEASING = YES;
				CLANG_WARN_BOOL_CONVERSION = YES;
				CLANG_WARN_COMMA = YES;
				CLANG_WARN_CONSTANT_CONVERSION = YES;
				CLANG_WARN_DEPRECATED_OBJC_IMPLEMENTATIONS = YES;
				CLANG_WARN_DIRECT_OBJC_ISA_USAGE = YES_ERROR;
				CLANG_WARN_DOCUMENTATION_COMMENTS = YES;
				CLANG_WARN_EMPTY_BODY = YES;
				CLANG_WARN_ENUM_CONVERSION = YES;
				CLANG_WARN_INFINITE_RECURSION = YES;
				CLANG_WARN_INT_CONVERSION = YES;
				CLANG_WARN_NON_LITERAL_NULL_CONVERSION = YES;
				CLANG_WARN_OBJC_IMPLICIT_RETAIN_SELF = YES;
				CLANG_WARN_OBJC_LITERAL_CONVERSION = YES;
				CLANG_WARN_OBJC_ROOT_CLASS = YES_ERROR;
				CLANG_WARN_QUOTED_INCLUDE_IN_FRAMEWORK_HEADER = YES;
				CLANG_WARN_RANGE_LOOP_ANALYSIS = YES;
				CLANG_WARN_STRICT_PROTOTYPES = YES;
				CLANG_WARN_SUSPICIOUS_MOVE = YES;
				CLANG_WARN_UNGUARDED_AVAILABILITY = YES_AGGRESSIVE;
				CLANG_WARN_UNREACHABLE_CODE = YES;
				CLANG_WARN__DUPLICATE_METHOD_MATCH = YES;
				COPY_PHASE_STRIP = NO;
				DEBUG_INFORMATION_FORMAT = "dwarf-with-dsym";
				ENABLE_NS_ASSERTIONS = NO;
				ENABLE_STRICT_OBJC_MSGSEND = YES;
				GCC_C_LANGUAGE_STANDARD = gnu11;
				GCC_NO_COMMON_BLOCKS = YES;
				GCC_WARN_64_TO_32_BIT_CONVERSION = YES;
				GCC_WARN_ABOUT_RETURN_TYPE = YES_ERROR;
				GCC_WARN_UNDECLARED_SELECTOR = YES;
				GCC_WARN_UNINITIALIZED_AUTOS = YES_AGGRESSIVE;
				GCC_WARN_UNUSED_FUNCTION = YES;
				GCC_WARN_UNUSED_VARIABLE = YES;
				IPHONEOS_DEPLOYMENT_TARGET = 14.4;
				MTL_ENABLE_DEBUG_INFO = NO;
				MTL_FAST_MATH = YES;
				SDKROOT = iphoneos;
				SWIFT_COMPILATION_MODE = wholemodule;
				SWIFT_OPTIMIZATION_LEVEL = "-O";
				VALIDATE_PRODUCT = YES;
			};
			name = Release;
		};
		04465AE926A95D3D00D06B0E /* Debug */ = {
			isa = XCBuildConfiguration;
			buildSettings = {
				ASSETCATALOG_COMPILER_APPICON_NAME = AppIcon;
				ASSETCATALOG_COMPILER_GLOBAL_ACCENT_COLOR_NAME = AccentColor;
				CODE_SIGN_STYLE = Automatic;
				DEVELOPMENT_TEAM = L7SNHNMQGX;
				INFOPLIST_FILE = "Game of Fifteen/Info.plist";
				IPHONEOS_DEPLOYMENT_TARGET = 13.0;
				LD_RUNPATH_SEARCH_PATHS = (
					"$(inherited)",
					"@executable_path/Frameworks",
				);
				PRODUCT_BUNDLE_IDENTIFIER = "DM.Game-of-Fifteen";
				PRODUCT_NAME = "$(TARGET_NAME)";
				SWIFT_VERSION = 5.0;
				TARGETED_DEVICE_FAMILY = "1,2";
			};
			name = Debug;
		};
		04465AEA26A95D3D00D06B0E /* Release */ = {
			isa = XCBuildConfiguration;
			buildSettings = {
				ASSETCATALOG_COMPILER_APPICON_NAME = AppIcon;
				ASSETCATALOG_COMPILER_GLOBAL_ACCENT_COLOR_NAME = AccentColor;
				CODE_SIGN_STYLE = Automatic;
				DEVELOPMENT_TEAM = L7SNHNMQGX;
				INFOPLIST_FILE = "Game of Fifteen/Info.plist";
				IPHONEOS_DEPLOYMENT_TARGET = 13.0;
				LD_RUNPATH_SEARCH_PATHS = (
					"$(inherited)",
					"@executable_path/Frameworks",
				);
				PRODUCT_BUNDLE_IDENTIFIER = "DM.Game-of-Fifteen";
				PRODUCT_NAME = "$(TARGET_NAME)";
				SWIFT_VERSION = 5.0;
				TARGETED_DEVICE_FAMILY = "1,2";
			};
			name = Release;
		};
/* End XCBuildConfiguration section */

/* Begin XCConfigurationList section */
		04465ACF26A95D3B00D06B0E /* Build configuration list for PBXProject "Game of Fifteen" */ = {
			isa = XCConfigurationList;
			buildConfigurations = (
				04465AE626A95D3D00D06B0E /* Debug */,
				04465AE726A95D3D00D06B0E /* Release */,
			);
			defaultConfigurationIsVisible = 0;
			defaultConfigurationName = Release;
		};
		04465AE826A95D3D00D06B0E /* Build configuration list for PBXNativeTarget "Game of Fifteen" */ = {
			isa = XCConfigurationList;
			buildConfigurations = (
				04465AE926A95D3D00D06B0E /* Debug */,
				04465AEA26A95D3D00D06B0E /* Release */,
			);
			defaultConfigurationIsVisible = 0;
			defaultConfigurationName = Release;
		};
/* End XCConfigurationList section */
	};
	rootObject = 04465ACC26A95D3B00D06B0E /* Project object */;
}
